github.com/cespare/xxhash/v2 v2.1.1 h1:6MnRN8NT7+YBpUIWxHtefFZOKTAPgGjpQSxqLNn0+qY=
github.com/cespare/xxhash/v2 v2.1.1/go.mod h1:VGX0DQ3Q6kWi7AoAeZDth3/j3BFtOZR5XLFGgcrjCOs=
github.com/dghubble/gologin v1.0.1 h1:c0WooFbJPvIMbFbId7ptt6g0HP+WpJ6KOo8VgzB8VzI=
github.com/dghubble/gologin v2.1.0+incompatible h1:LAk9a91axNP72AGTNp7afVigkdhakN7IyDGcceQ+R6g=
github.com/dghubble/gologin v2.1.0+incompatible/go.mod h1:+EjjX5AiOREcyqxhz0c6I8OsL+6F9/38WD1CDcClx+Y=
github.com/go-chi/chi v1.0.0 h1:s/kv1cTXfivYjdKJdyUzNGyAWZ/2t7duW1gKn5ivu+c=
github.com/go-chi/chi v4.1.2+incompatible h1:fGFk2Gmi/YKXk0OmGfBh0WgmN3XB8lVnEyNz34tQRec=
github.com/go-chi/chi v4.1.2+incompatible/go.mod h1:eB3wogJHnLi3x/kFX2A+IbTBlXxmMeXJVKy9tTv1XzQ=
github.com/go-chi/httprate v0.4.0 h1:M2qVV0w6ksgLs6L8lTrvqNeaVm0ZJNVdbYM8u2T8HaE=
github.com/go-chi/httprate v0.4.0/go.mod h1:7e7qjQtHzEbdyW5TYQrl4X2uNRCnlTajictc7B4ftgc=
